
Microsoft Visual Studio Solution File, Format Version 12.00
Project("{FAE04EC0-301F-11D3-BF4B-00C04F79EFBC}") = "Examples.TradeClient", "TradeClient\Examples.TradeClient.csproj", "{9EEEF89D-3C4F-4F18-A5B4-431A58D56F84}"
EndProject
Global
	GlobalSection(SolutionConfigurationPlatforms) = preSolution
		Debug|Any CPU = Debug|Any CPU
		Release|Any CPU = Release|Any CPU
	EndGlobalSection
	GlobalSection(ProjectConfigurationPlatforms) = postSolution
		{9EEEF89D-3C4F-4F18-A5B4-431A58D56F84}.Debug|Any CPU.ActiveCfg = Debug|Any CPU
		{9EEEF89D-3C4F-4F18-A5B4-431A58D56F84}.Debug|Any CPU.Build.0 = Debug|Any CPU
		{9EEEF89D-3C4F-4F18-A5B4-431A58D56F84}.Release|Any CPU.ActiveCfg = Release|Any CPU
		{9EEEF89D-3C4F-4F18-A5B4-431A58D56F84}.Release|Any CPU.Build.0 = Release|Any CPU
	EndGlobalSection
EndGlobal
